
Microsoft Visual Studio Solution File, Format Version 12.00
# Visual Studio Version 16
VisualStudioVersion = 16.0.32630.194
MinimumVisualStudioVersion = 10.0.40219.1
Project("{9A19103F-16F7-4668-BE54-9A1E7A4F7556}") = "Demo1", "Demo1.csproj", "{D54896B2-97F3-47BB-ABF5-83A88879BB97}"
EndProject
Global
	GlobalSection(SolutionConfigurationPlatforms) = preSolution
		Debug|Any CPU = Debug|Any CPU
		Release|Any CPU = Release|Any CPU
	EndGlobalSection
	GlobalSection(ProjectConfigurationPlatforms) = postSolution
		{D54896B2-97F3-47BB-ABF5-83A88879BB97}.Debug|Any CPU.ActiveCfg = Debug|Any CPU
		{D54896B2-97F3-47BB-ABF5-83A88879BB97}.Debug|Any CPU.Build.0 = Debug|Any CPU
		{D54896B2-97F3-47BB-ABF5-83A88879BB97}.Release|Any CPU.ActiveCfg = Release|Any CPU
		{D54896B2-97F3-47BB-ABF5-83A88879BB97}.Release|Any CPU.Build.0 = Release|Any CPU
	EndGlobalSection
	GlobalSection(SolutionProperties) = preSolution
		HideSolutionNode = FALSE
	EndGlobalSection
	GlobalSection(ExtensibilityGlobals) = postSolution
		SolutionGuid = {49370468-B9DF-4E87-8C54-02CD3F2C63E3}
	EndGlobalSection
EndGlobal
